
Microsoft Visual Studio Solution File, Format Version 12.00
# Visual Studio Version 17
VisualStudioVersion = 17.1.32421.90
MinimumVisualStudioVersion = 10.0.40219.1
Project("{FAE04EC0-301F-11D3-BF4B-00C04F79EFBC}") = "il-mio-primo-blog", "il-mio-primo-blog.csproj", "{20E8EC77-DA19-4E31-A4C5-9A2FDEC388B6}"
EndProject
Global
	GlobalSection(SolutionConfigurationPlatforms) = preSolution
		Debug|Any CPU = Debug|Any CPU
		Release|Any CPU = Release|Any CPU
	EndGlobalSection
	GlobalSection(ProjectConfigurationPlatforms) = postSolution
		{20E8EC77-DA19-4E31-A4C5-9A2FDEC388B6}.Debug|Any CPU.ActiveCfg = Debug|Any CPU
		{20E8EC77-DA19-4E31-A4C5-9A2FDEC388B6}.Debug|Any CPU.Build.0 = Debug|Any CPU
		{20E8EC77-DA19-4E31-A4C5-9A2FDEC388B6}.Release|Any CPU.ActiveCfg = Release|Any CPU
		{20E8EC77-DA19-4E31-A4C5-9A2FDEC388B6}.Release|Any CPU.Build.0 = Release|Any CPU
	EndGlobalSection
	GlobalSection(SolutionProperties) = preSolution
		HideSolutionNode = FALSE
	EndGlobalSection
	GlobalSection(ExtensibilityGlobals) = postSolution
		SolutionGuid = {78902F7A-47CC-4627-B17E-0700507DBB9F}
	EndGlobalSection
EndGlobal
